lockfileVersion: '6.0'

settings:
  autoInstallPeers: true
  excludeLinksFromLockfile: false

dependencies:
  '@humeai/voice-embed-react':
    specifier: ^0.1.2
    version: 0.1.2

packages:

  /@humeai/voice-embed-react@0.1.2:
    resolution: {integrity: sha512-8PA8PwQAeMPdrJCB0UmmLKfUp8zgk/cQ2Yu3s37TuGclOkMwUY9KJ1l91OJva+lP9Yz8qU9FmJz6tbqx+8I5Jw==}
    dependencies:
      '@humeai/voice-embed': 0.1.2
      react: 18.3.0
      react-dom: 18.3.0(react@18.3.0)
    dev: false

  /@humeai/voice-embed@0.1.2:
    resolution: {integrity: sha512-RK3qr7bTZbYPL1YPScx7v51PRWtGT2O6kIonBqEaClqUFxAkKVKhMORNwYQqi4z2Xfsx3HCWYGjd5nybx5Wqrw==}
    dependencies:
      '@humeai/voice': 0.1.2
      zod: 3.23.4
    dev: false

  /@humeai/voice@0.1.2:
    resolution: {integrity: sha512-k6sQUEa8JwPG0wc2sINSffZaTLUvuVEF5YyY5H0e5g8L7MVQAzdxMgaKKBWNUFpNYXdZwofxsmuoM9M2aqfDwQ==}
    dependencies:
      reconnecting-websocket: 4.4.0
      snakecase-keys: 8.0.0
      ts-pattern: 5.1.1
      zod: 3.23.4
    dev: false

  /dot-case@3.0.4:
    resolution: {integrity: sha512-Kv5nKlh6yRrdrGvxeJ2e5y2eRUpkUosIW4A2AS38zwSz27zu7ufDwQPi5Jhs3XAlGNetl3bmnGhQsMtkKJnj3w==}
    dependencies:
      no-case: 3.0.4
      tslib: 2.6.2
    dev: false

  /js-tokens@4.0.0:
    resolution: {integrity: sha512-RdJUflcE3cUzKiMqQgsCu06FPu9UdIJO0beYbPhHN4k6apgJtifcoCtT9bcxOpYBtpD2kCM6Sbzg4CausW/PKQ==}
    dev: false

  /loose-envify@1.4.0:
    resolution: {integrity: sha512-lyuxPGr/Wfhrlem2CL/UcnUc1zcqKAImBDzukY7Y5F/yQiNdko6+fRLevlw1HgMySw7f611UIY408EtxRSoK3Q==}
    hasBin: true
    dependencies:
      js-tokens: 4.0.0
    dev: false

  /lower-case@2.0.2:
    resolution: {integrity: sha512-7fm3l3NAF9WfN6W3JOmf5drwpVqX78JtoGJ3A6W0a6ZnldM41w2fV5D490psKFTpMds8TJse/eHLFFsNHHjHgg==}
    dependencies:
      tslib: 2.6.2
    dev: false

  /map-obj@4.3.0:
    resolution: {integrity: sha512-hdN1wVrZbb29eBGiGjJbeP8JbKjq1urkHJ/LIP/NY48MZ1QVXUsQBV1G1zvYFHn1XE06cwjBsOI2K3Ulnj1YXQ==}
    engines: {node: '>=8'}
    dev: false

  /no-case@3.0.4:
    resolution: {integrity: sha512-fgAN3jGAh+RoxUGZHTSOLJIqUc2wmoBwGR4tbpNAKmmovFoWq0OdRkb0VkldReO2a2iBT/OEulG9XSUc10r3zg==}
    dependencies:
      lower-case: 2.0.2
      tslib: 2.6.2
    dev: false

  /react-dom@18.3.0(react@18.3.0):
    resolution: {integrity: sha512-zaKdLBftQJnvb7FtDIpZtsAIb2MZU087RM8bRDZU8LVCCFYjPTsDZJNFUWPcVz3HFSN1n/caxi0ca4B/aaVQGQ==}
    peerDependencies:
      react: ^18.3.0
    dependencies:
      loose-envify: 1.4.0
      react: 18.3.0
      scheduler: 0.23.1
    dev: false

  /react@18.3.0:
    resolution: {integrity: sha512-RPutkJftSAldDibyrjuku7q11d3oy6wKOyPe5K1HA/HwwrXcEqBdHsLypkC2FFYjP7bPUa6gbzSBhw4sY2JcDg==}
    engines: {node: '>=0.10.0'}
    dependencies:
      loose-envify: 1.4.0
    dev: false

  /reconnecting-websocket@4.4.0:
    resolution: {integrity: sha512-D2E33ceRPga0NvTDhJmphEgJ7FUYF0v4lr1ki0csq06OdlxKfugGzN0dSkxM/NfqCxYELK4KcaTOUOjTV6Dcng==}
    dev: false

  /scheduler@0.23.1:
    resolution: {integrity: sha512-5GKS5JGfiah1O38Vfa9srZE4s3wdHbwjlCrvIookrg2FO9aIwKLOJXuJQFlEfNcVSOXuaL2hzDeY20uVXcUtrw==}
    dependencies:
      loose-envify: 1.4.0
    dev: false

  /snake-case@3.0.4:
    resolution: {integrity: sha512-LAOh4z89bGQvl9pFfNF8V146i7o7/CqFPbqzYgP+yYzDIDeS9HaNFtXABamRW+AQzEVODcvE79ljJ+8a9YSdMg==}
    dependencies:
      dot-case: 3.0.4
      tslib: 2.6.2
    dev: false

  /snakecase-keys@8.0.0:
    resolution: {integrity: sha512-qS7XvESuFxskrmD8/O9tOMdLdV9YTuPfNLdRJIvNJKNEZtH9XVPwmZioROwl4TsVDbOFqlQ/o7pURuF8MnjYsg==}
    engines: {node: '>=18'}
    dependencies:
      map-obj: 4.3.0
      snake-case: 3.0.4
      type-fest: 4.17.0
    dev: false

  /ts-pattern@5.1.1:
    resolution: {integrity: sha512-i+owkHr5RYdQxj8olUgRrqpiWH9x27PuWVfXwDmJ/n/CoF/SAa7WW1i2oUpPDMQpJ4U+bGRUcZkVq7i1m3zFCg==}
    dev: false

  /tslib@2.6.2:
    resolution: {integrity: sha512-AEYxH93jGFPn/a2iVAwW87VuUIkR1FVUKB77NwMF7nBTDkDrrT/Hpt/IrCJ0QXhW27jTBDcf5ZY7w6RiqTMw2Q==}
    dev: false

  /type-fest@4.17.0:
    resolution: {integrity: sha512-9flrz1zkfLRH3jO3bLflmTxryzKMxVa7841VeMgBaNQGY6vH4RCcpN/sQLB7mQQYh1GZ5utT2deypMuCy4yicw==}
    engines: {node: '>=16'}
    dev: false

  /zod@3.23.4:
    resolution: {integrity: sha512-/AtWOKbBgjzEYYQRNfoGKHObgfAZag6qUJX1VbHo2PRBgS+wfWagEY2mizjfyAPcGesrJOcx/wcl0L9WnVrHFw==}
    dev: false
